<?xml version="1.0" encoding="utf-8"?>
<Project ToolsVersion="4.0" xmlns="http://schemas.microsoft.com/developer/msbuild/2003">
  <ItemGroup>
    <ClCompile Include="Compiler.cpp" />
    <ClCompile Include="Lexer.cpp" />
    <ClCompile Include="Parser.cpp" />
    <ClCompile Include="Expr.cpp" />
    <ClCompile Include="Interpreter.cpp" />
    <ClCompile Include="Value.cpp" />
    <ClCompile Include="CompilerError.cpp" />
    <ClCompile Include="Callable.cpp" />
  </ItemGroup>
  <ItemGroup>
    <ClInclude Include="Compiler.h" />
    <ClInclude Include="Expr.h" />
    <ClInclude Include="Token.h" />
    <ClInclude Include="Parser.h" />
    <ClInclude Include="Lexer.h" />
    <ClInclude Include="AST.h" />
    <ClInclude Include="CompilerError.h" />
    <ClInclude Include="Stmt.h" />
    <ClInclude Include="Interpreter.h" />
    <ClInclude Include="Value.h" />
    <ClInclude Include="Callable.h" />
  </ItemGroup>
</Project>